
Microsoft Visual Studio Solution File, Format Version 12.00
# Visual Studio Version 16
VisualStudioVersion = 16.0.31702.278
MinimumVisualStudioVersion = 10.0.40219.1
Project("{8BC9CEB8-8B4A-11D0-8D11-00A0C91BC942}") = "BYYL", "BYYL.vcxproj", "{D9567294-74D0-454A-B8CC-662C8431D091}"
EndProject
Global
	GlobalSection(SolutionConfigurationPlatforms) = preSolution
		Debug|x86 = Debug|x86
		Release|x86 = Release|x86
	EndGlobalSection
	GlobalSection(ProjectConfigurationPlatforms) = postSolution
		{D9567294-74D0-454A-B8CC-662C8431D091}.Debug|x86.ActiveCfg = Debug|Win32
		{D9567294-74D0-454A-B8CC-662C8431D091}.Debug|x86.Build.0 = Debug|Win32
		{D9567294-74D0-454A-B8CC-662C8431D091}.Release|x86.ActiveCfg = Release|Win32
		{D9567294-74D0-454A-B8CC-662C8431D091}.Release|x86.Build.0 = Release|Win32
	EndGlobalSection
	GlobalSection(SolutionProperties) = preSolution
		HideSolutionNode = FALSE
	EndGlobalSection
	GlobalSection(ExtensibilityGlobals) = postSolution
		SolutionGuid = {96B341D8-BE79-4981-A29E-8A394D593A2D}
	EndGlobalSection
EndGlobal
